# This file is automatically @generated by Cargo.
# It is not intended for manual editing.
version = 3

[[package]]
name = "graphene-chain"
version = "0.0.0"

[[package]]
name = "graphene-codec"
version = "0.0.0"

[[package]]
name = "graphene-crypto"
version = "0.0.0"

[[package]]
name = "graphene-protocol"
version = "0.0.0"

[[package]]
name = "graphene-transaction"
version = "0.0.0"

[[package]]
name = "graphene-transport"
version = "0.0.0"
